{
  "name": "munify",
  "lockfileVersion": 3,
  "requires": true,
  "packages": {
    "": {
      "devDependencies": {
        "rome": "12.1.1"
      }
    },
    "node_modules/@rometools/cli-darwin-arm64": {
      "version": "12.1.1",
      "resolved": "https://registry.npmjs.org/@rometools/cli-darwin-arm64/-/cli-darwin-arm64-12.1.1.tgz",
      "integrity": "sha512-9ohLIjRnZtgvgBizhZPHzJ3hXR+cTI1v9TmBO7hgUyScnyMrmqr3G3INl4FVFdyjgOWf8y6IT9mvkbCOvHNncQ==",
      "cpu": [
        "arm64"
      ],
      "dev": true,
      "optional": true,
      "os": [
        "darwin"
      ]
    },
    "node_modules/@rometools/cli-darwin-x64": {
      "version": "12.1.1",
      "resolved": "https://registry.npmjs.org/@rometools/cli-darwin-x64/-/cli-darwin-x64-12.1.1.tgz",
      "integrity": "sha512-5H7vWFofuU5qLxgzIaSCHVpc5mcXfs0HCluXhoX9yxeVVxnMEJkwFT6RrXzpud9j82BHiDOFaQmrNUeT1fc+KQ==",
      "cpu": [
        "x64"
      ],
      "dev": true,
      "optional": true,
      "os": [
        "darwin"
      ]
    },
    "node_modules/@rometools/cli-linux-arm64": {
      "version": "12.1.1",
      "resolved": "https://registry.npmjs.org/@rometools/cli-linux-arm64/-/cli-linux-arm64-12.1.1.tgz",
      "integrity": "sha512-jKJeT6SI1d9bkAlMOYl3dQtzvTi98dsJAzEM91SVXLl5Onjk55Z9QG9f1E4nbS76LK4eZaNMcKqs7F2hSyVedQ==",
      "cpu": [
        "arm64"
      ],
      "dev": true,
      "optional": true,
      "os": [
        "linux"
      ]
    },
    "node_modules/@rometools/cli-linux-x64": {
      "version": "12.1.1",
      "resolved": "https://registry.npmjs.org/@rometools/cli-linux-x64/-/cli-linux-x64-12.1.1.tgz",
      "integrity": "sha512-CsLjZYtLQdKoMcroXXKUmZdyFQfgVl7C8oIIDcJNzmHZKdVwRhI1M+nK/0vpiFtVjCt6j+Cw2gDYkoQSihTt0w==",
      "cpu": [
        "x64"
      ],
      "dev": true,
      "optional": true,
      "os": [
        "linux"
      ]
    },
    "node_modules/@rometools/cli-win32-arm64": {
      "version": "12.1.1",
      "resolved": "https://registry.npmjs.org/@rometools/cli-win32-arm64/-/cli-win32-arm64-12.1.1.tgz",
      "integrity": "sha512-HHaBZNTIup5xEZRwgAdH15oMBQVnVWG54BizqGJn4oR6zlXkf8S012MNOfgVdEIWW+KDhyfX6vxAH/SBf1Yp1w==",
      "cpu": [
        "arm64"
      ],
      "dev": true,
      "optional": true,
      "os": [
        "win32"
      ]
    },
    "node_modules/@rometools/cli-win32-x64": {
      "version": "12.1.1",
      "resolved": "https://registry.npmjs.org/@rometools/cli-win32-x64/-/cli-win32-x64-12.1.1.tgz",
      "integrity": "sha512-yPQPEvaBp/uCulnwl5d5xOxWsb/DtccmBPGg5A8TOm0Lfcts4zSUgEaq3yZ9vwXw1KepMS5NHnZ+zuDjzdtV/Q==",
      "cpu": [
        "x64"
      ],
      "dev": true,
      "optional": true,
      "os": [
        "win32"
      ]
    },
    "node_modules/rome": {
      "version": "12.1.1",
      "resolved": "https://registry.npmjs.org/rome/-/rome-12.1.1.tgz",
      "integrity": "sha512-pUUAf8KHHzzxYCXja80wIlPNvHeU2TEFmxapKOXLfYr4C5XmAjGj3ial4cJOk1JzBGZmd8fgBU3y/mxP3XqiYA==",
      "dev": true,
      "hasInstallScript": true,
      "bin": {
        "rome": "bin/rome"
      },
      "engines": {
        "node": ">=14.*"
      },
      "optionalDependencies": {
        "@rometools/cli-darwin-arm64": "12.1.1",
        "@rometools/cli-darwin-x64": "12.1.1",
        "@rometools/cli-linux-arm64": "12.1.1",
        "@rometools/cli-linux-x64": "12.1.1",
        "@rometools/cli-win32-arm64": "12.1.1",
        "@rometools/cli-win32-x64": "12.1.1"
      }
    }
  }
}
