{
  "name": "auth",
  "lockfileVersion": 3,
  "requires": true,
  "packages": {
    "": {
      "name": "auth",
      "dependencies": {
        "munify-util": "../munify-util"
      },
      "devDependencies": {
        "bun-types": "latest"
      }
    },
    "../munify-util": {
      "devDependencies": {
        "bun-types": "latest"
      },
      "peerDependencies": {
        "typescript": "^5.0.0"
      }
    },
    "node_modules/bun-types": {
      "version": "0.8.1",
      "resolved": "https://registry.npmjs.org/bun-types/-/bun-types-0.8.1.tgz",
      "integrity": "sha512-VuCBox66P/3a8gVOffLCWIS6vdpXq4y3eJuF3VnsyC5HpykmIjkcr5wYDn22qQdeTUmOfCcBy1SZmtrZCeUr3A==",
      "dev": true
    },
    "node_modules/munify-util": {
      "resolved": "../munify-util",
      "link": true
    }
  }
}
